<?xml version="1.0" encoding="utf-8"?>
<Project ToolsVersion="4.0" xmlns="http://schemas.microsoft.com/developer/msbuild/2003">
  <ItemGroup>
    <ClInclude Include="display\display.hpp">
      <Filter>display</Filter>
    </ClInclude>
    <ClInclude Include="audio\audio.hpp">
      <Filter>audio</Filter>
    </ClInclude>
    <ClInclude Include="tinyFileDialogs\tinyfiledialogs.h" />
  </ItemGroup>
  <ItemGroup>
    <ClCompile Include="main.cpp" />
    <ClCompile Include="display\display.cpp">
      <Filter>display</Filter>
    </ClCompile>
    <ClCompile Include="audio\audio.cpp">
      <Filter>audio</Filter>
    </ClCompile>
    <ClCompile Include="tinyFileDialogs\tinyfiledialogs.c" />
  </ItemGroup>
  <ItemGroup>
    <Filter Include="font">
      <UniqueIdentifier>{f0a440af-e3f2-4bcd-a64f-96a1aa003696}</UniqueIdentifier>
    </Filter>
    <Filter Include="keyboard">
      <UniqueIdentifier>{0e7da1d9-836a-4583-8116-3a527aaf2cc3}</UniqueIdentifier>
    </Filter>
    <Filter Include="display">
      <UniqueIdentifier>{b9439c77-7be4-469e-8c2f-59dea3054590}</UniqueIdentifier>
    </Filter>
    <Filter Include="core">
      <UniqueIdentifier>{cca33ed1-6c6b-4a99-bf4c-151b86117e49}</UniqueIdentifier>
    </Filter>
    <Filter Include="core\cpu">
      <UniqueIdentifier>{ae5002df-5171-409c-9fa9-470814bc3dc9}</UniqueIdentifier>
    </Filter>
    <Filter Include="core\memory">
      <UniqueIdentifier>{0815a120-bd88-4e76-8fe7-cd80d55cfb39}</UniqueIdentifier>
    </Filter>
    <Filter Include="core\cpu\instructions">
      <UniqueIdentifier>{9a0f83c0-26e9-4b1a-b170-bf27f1221f28}</UniqueIdentifier>
    </Filter>
    <Filter Include="core\cpu\registers">
      <UniqueIdentifier>{d191e6fa-b73f-475c-bc6d-bf2ee2073e42}</UniqueIdentifier>
    </Filter>
    <Filter Include="core\cpu\timers">
      <UniqueIdentifier>{aeef85fb-4aca-49cb-a09e-2ea70cfade71}</UniqueIdentifier>
    </Filter>
    <Filter Include="core\cpu\instructions\factory">
      <UniqueIdentifier>{0ef2f179-9cb5-46d4-b1c7-9dbd9f0896bc}</UniqueIdentifier>
    </Filter>
    <Filter Include="audio">
      <UniqueIdentifier>{a36ef50c-39be-4f4a-803f-3430eb8d40a5}</UniqueIdentifier>
    </Filter>
    <Filter Include="resources">
      <UniqueIdentifier>{8bee163b-bb25-4f6e-a61d-62a261959789}</UniqueIdentifier>
    </Filter>
    <Filter Include="resources\audio">
      <UniqueIdentifier>{35e2ec5e-7b54-4099-95ad-391bfed0f54e}</UniqueIdentifier>
    </Filter>
    <Filter Include="core\gpu">
      <UniqueIdentifier>{b685e1cc-a5d5-49d7-ac74-7bb8ae397e74}</UniqueIdentifier>
    </Filter>
  </ItemGroup>
  <ItemGroup>
    <Media Include="..\Resources\audio\beep.wav">
      <Filter>resources\audio</Filter>
    </Media>
  </ItemGroup>
</Project>