<?xml version="1.0" encoding="utf-8"?>
<Project ToolsVersion="4.0" xmlns="http://schemas.microsoft.com/developer/msbuild/2003">
  <ItemGroup>
    <Filter Include="Source Files">
      <UniqueIdentifier>{4FC737F1-C7A5-4376-A066-2A32D752A2FF}</UniqueIdentifier>
      <Extensions>cpp;c;cc;cxx;def;odl;idl;hpj;bat;asm;asmx</Extensions>
    </Filter>
    <Filter Include="Header Files">
      <UniqueIdentifier>{93995380-89BD-4b04-88EB-625FBE52EBFB}</UniqueIdentifier>
      <Extensions>h;hh;hpp;hxx;hm;inl;inc;xsd</Extensions>
    </Filter>
    <Filter Include="Resource Files">
      <UniqueIdentifier>{67DA6AB6-F800-4c08-8B7A-83BB121AAD01}</UniqueIdentifier>
      <Extensions>rc;ico;cur;bmp;dlg;rc2;rct;bin;rgs;gif;jpg;jpeg;jpe;resx;tiff;tif;png;wav;mfcribbon-ms</Extensions>
    </Filter>
  </ItemGroup>
  <ItemGroup>
    <ClInclude Include="stdafx.h">
      <Filter>Header Files</Filter>
    </ClInclude>
    <ClInclude Include="targetver.h">
      <Filter>Header Files</Filter>
    </ClInclude>
    <ClInclude Include="Chip8.hpp">
      <Filter>Header Files</Filter>
    </ClInclude>
    <ClInclude Include="core\cpu\cpu.hpp">
      <Filter>Header Files</Filter>
    </ClInclude>
    <ClInclude Include="core\cpu\timers\timer.hpp">
      <Filter>Header Files</Filter>
    </ClInclude>
    <ClInclude Include="core\cpu\registers\gpr.hpp">
      <Filter>Header Files</Filter>
    </ClInclude>
    <ClInclude Include="core\cpu\registers\pcreg.hpp">
      <Filter>Header Files</Filter>
    </ClInclude>
    <ClInclude Include="core\cpu\registers\ri.hpp">
      <Filter>Header Files</Filter>
    </ClInclude>
    <ClInclude Include="core\cpu\instructions\addValueToVxInstruction.hpp">
      <Filter>Header Files</Filter>
    </ClInclude>
    <ClInclude Include="core\cpu\instructions\addVxToIndexRegisterInstruction.hpp">
      <Filter>Header Files</Filter>
    </ClInclude>
    <ClInclude Include="core\cpu\instructions\addVyToVxInstruction.hpp">
      <Filter>Header Files</Filter>
    </ClInclude>
    <ClInclude Include="core\cpu\instructions\callInstruction.hpp">
      <Filter>Header Files</Filter>
    </ClInclude>
    <ClInclude Include="core\cpu\instructions\clearScreenInstruction.hpp">
      <Filter>Header Files</Filter>
    </ClInclude>
    <ClInclude Include="core\cpu\instructions\drawSpriteInstruction.hpp">
      <Filter>Header Files</Filter>
    </ClInclude>
    <ClInclude Include="core\cpu\instructions\fillV0toVxWithValueFromMemoryInstruction.hpp">
      <Filter>Header Files</Filter>
    </ClInclude>
    <ClInclude Include="core\cpu\instructions\iinstruction.hpp">
      <Filter>Header Files</Filter>
    </ClInclude>
    <ClInclude Include="core\cpu\instructions\jumpInstruction.hpp">
      <Filter>Header Files</Filter>
    </ClInclude>
    <ClInclude Include="core\cpu\instructions\jumpToGivenAddressWithOffset.hpp">
      <Filter>Header Files</Filter>
    </ClInclude>
    <ClInclude Include="core\cpu\instructions\setDelayTimerToVxInstruction.hpp">
      <Filter>Header Files</Filter>
    </ClInclude>
    <ClInclude Include="core\cpu\instructions\setIndexRegisterToFontCharacterInVxInstruction.hpp">
      <Filter>Header Files</Filter>
    </ClInclude>
    <ClInclude Include="core\cpu\instructions\setIndexRegisterValueInstruction.hpp">
      <Filter>Header Files</Filter>
    </ClInclude>
    <ClInclude Include="core\cpu\instructions\setSoundTimerToVxInstruction.hpp">
      <Filter>Header Files</Filter>
    </ClInclude>
    <ClInclude Include="core\cpu\instructions\setVxToRandomValueBitwiseAndValueInstruction.hpp">
      <Filter>Header Files</Filter>
    </ClInclude>
    <ClInclude Include="core\cpu\instructions\setVxToValueInstruction.hpp">
      <Filter>Header Files</Filter>
    </ClInclude>
    <ClInclude Include="core\cpu\instructions\setVxToValueOfDelayTimerInstruction.hpp">
      <Filter>Header Files</Filter>
    </ClInclude>
    <ClInclude Include="core\cpu\instructions\setVxToVxAndVyInstruction.hpp">
      <Filter>Header Files</Filter>
    </ClInclude>
    <ClInclude Include="core\cpu\instructions\setVxToVxOrVyInstruction.hpp">
      <Filter>Header Files</Filter>
    </ClInclude>
    <ClInclude Include="core\cpu\instructions\setVxToVxXorVyInstruction.hpp">
      <Filter>Header Files</Filter>
    </ClInclude>
    <ClInclude Include="core\cpu\instructions\setVxToVyInstruction.hpp">
      <Filter>Header Files</Filter>
    </ClInclude>
    <ClInclude Include="core\cpu\instructions\setVxToVyMinusVxInstruction.hpp">
      <Filter>Header Files</Filter>
    </ClInclude>
    <ClInclude Include="core\cpu\instructions\shiftVxLeftByOneInstruction.hpp">
      <Filter>Header Files</Filter>
    </ClInclude>
    <ClInclude Include="core\cpu\instructions\shiftVxRightByOneInstruction.hpp">
      <Filter>Header Files</Filter>
    </ClInclude>
    <ClInclude Include="core\cpu\instructions\skipIfKeyInVxIsNotPressedInstruction.hpp">
      <Filter>Header Files</Filter>
    </ClInclude>
    <ClInclude Include="core\cpu\instructions\skipIfKeyInVxIsPressedInstruction.hpp">
      <Filter>Header Files</Filter>
    </ClInclude>
    <ClInclude Include="core\cpu\instructions\skipNextIfVxEqualsValueInstruction.hpp">
      <Filter>Header Files</Filter>
    </ClInclude>
    <ClInclude Include="core\cpu\instructions\skipNextIfVxEqualsVyInstruction.hpp">
      <Filter>Header Files</Filter>
    </ClInclude>
    <ClInclude Include="core\cpu\instructions\skipNextIfVxNotEqualsValueInstruction.hpp">
      <Filter>Header Files</Filter>
    </ClInclude>
    <ClInclude Include="core\cpu\instructions\skipNextIfVxNotEqualsVyInstruction.hpp">
      <Filter>Header Files</Filter>
    </ClInclude>
    <ClInclude Include="core\cpu\instructions\storeBCDvalueOfVxInstruction.hpp">
      <Filter>Header Files</Filter>
    </ClInclude>
    <ClInclude Include="core\cpu\instructions\storeV0toVxInMemoryInstruction.hpp">
      <Filter>Header Files</Filter>
    </ClInclude>
    <ClInclude Include="core\cpu\instructions\subrutineReturnInstruction.hpp">
      <Filter>Header Files</Filter>
    </ClInclude>
    <ClInclude Include="core\cpu\instructions\subtractVyFromVxInstruction.hpp">
      <Filter>Header Files</Filter>
    </ClInclude>
    <ClInclude Include="core\cpu\instructions\unknownInstruction.hpp">
      <Filter>Header Files</Filter>
    </ClInclude>
    <ClInclude Include="core\cpu\instructions\waitForKeyPressInstruction.hpp">
      <Filter>Header Files</Filter>
    </ClInclude>
    <ClInclude Include="core\cpu\instructions\factory\instructionFactory.hpp">
      <Filter>Header Files</Filter>
    </ClInclude>
    <ClInclude Include="core\gpu\gpu.hpp">
      <Filter>Header Files</Filter>
    </ClInclude>
    <ClInclude Include="core\memory\programLoader.hpp">
      <Filter>Header Files</Filter>
    </ClInclude>
    <ClInclude Include="core\memory\ram.hpp">
      <Filter>Header Files</Filter>
    </ClInclude>
    <ClInclude Include="font\font.hpp">
      <Filter>Header Files</Filter>
    </ClInclude>
    <ClInclude Include="font\fontChar.hpp">
      <Filter>Header Files</Filter>
    </ClInclude>
    <ClInclude Include="font\fontLoader.hpp">
      <Filter>Header Files</Filter>
    </ClInclude>
    <ClInclude Include="keyboard\keyboard.hpp">
      <Filter>Header Files</Filter>
    </ClInclude>
    <ClInclude Include="chip8Types.hpp">
      <Filter>Header Files</Filter>
    </ClInclude>
    <ClInclude Include="adapters\audio\chip8AudioAdapter.hpp">
      <Filter>Header Files</Filter>
    </ClInclude>
    <ClInclude Include="adapters\video\chip8VideoAdapter.hpp">
      <Filter>Header Files</Filter>
    </ClInclude>
  </ItemGroup>
  <ItemGroup>
    <ClCompile Include="stdafx.cpp">
      <Filter>Source Files</Filter>
    </ClCompile>
    <ClCompile Include="dllmain.cpp">
      <Filter>Source Files</Filter>
    </ClCompile>
    <ClCompile Include="Chip8.cpp">
      <Filter>Source Files</Filter>
    </ClCompile>
    <ClCompile Include="core\cpu\cpu.cpp">
      <Filter>Source Files</Filter>
    </ClCompile>
    <ClCompile Include="core\cpu\timers\timer.cpp">
      <Filter>Source Files</Filter>
    </ClCompile>
    <ClCompile Include="core\cpu\registers\gpr.cpp">
      <Filter>Source Files</Filter>
    </ClCompile>
    <ClCompile Include="core\cpu\registers\pcreg.cpp">
      <Filter>Source Files</Filter>
    </ClCompile>
    <ClCompile Include="core\cpu\registers\ri.cpp">
      <Filter>Source Files</Filter>
    </ClCompile>
    <ClCompile Include="core\cpu\instructions\addValueToVxInstruction.cpp">
      <Filter>Source Files</Filter>
    </ClCompile>
    <ClCompile Include="core\cpu\instructions\addVxToIndexRegisterInstruction.cpp">
      <Filter>Source Files</Filter>
    </ClCompile>
    <ClCompile Include="core\cpu\instructions\addVyToVxInstruction.cpp">
      <Filter>Source Files</Filter>
    </ClCompile>
    <ClCompile Include="core\cpu\instructions\callInstruction.cpp">
      <Filter>Source Files</Filter>
    </ClCompile>
    <ClCompile Include="core\cpu\instructions\clearScreenInstruction.cpp">
      <Filter>Source Files</Filter>
    </ClCompile>
    <ClCompile Include="core\cpu\instructions\drawSpriteInstruction.cpp">
      <Filter>Source Files</Filter>
    </ClCompile>
    <ClCompile Include="core\cpu\instructions\fillV0toVxWithValueFromMemoryInstruction.cpp">
      <Filter>Source Files</Filter>
    </ClCompile>
    <ClCompile Include="core\cpu\instructions\iinstruction.cpp">
      <Filter>Source Files</Filter>
    </ClCompile>
    <ClCompile Include="core\cpu\instructions\jumpInstruction.cpp">
      <Filter>Source Files</Filter>
    </ClCompile>
    <ClCompile Include="core\cpu\instructions\jumpToGivenAddressWithOffset.cpp">
      <Filter>Source Files</Filter>
    </ClCompile>
    <ClCompile Include="core\cpu\instructions\setDelayTimerToVxInstruction.cpp">
      <Filter>Source Files</Filter>
    </ClCompile>
    <ClCompile Include="core\cpu\instructions\setIndexRegisterToFontCharacterInVxInstruction.cpp">
      <Filter>Source Files</Filter>
    </ClCompile>
    <ClCompile Include="core\cpu\instructions\setIndexRegisterValueInstruction.cpp">
      <Filter>Source Files</Filter>
    </ClCompile>
    <ClCompile Include="core\cpu\instructions\setSoundTimerToVxInstruction.cpp">
      <Filter>Source Files</Filter>
    </ClCompile>
    <ClCompile Include="core\cpu\instructions\setVxToRandomValueBitwiseAndValueInstruction.cpp">
      <Filter>Source Files</Filter>
    </ClCompile>
    <ClCompile Include="core\cpu\instructions\setVxToValueInstruction.cpp">
      <Filter>Source Files</Filter>
    </ClCompile>
    <ClCompile Include="core\cpu\instructions\setVxToValueOfDelayTimerInstruction.cpp">
      <Filter>Source Files</Filter>
    </ClCompile>
    <ClCompile Include="core\cpu\instructions\setVxToVxAndVyInstruction.cpp">
      <Filter>Source Files</Filter>
    </ClCompile>
    <ClCompile Include="core\cpu\instructions\setVxToVxOrVyInstruction.cpp">
      <Filter>Source Files</Filter>
    </ClCompile>
    <ClCompile Include="core\cpu\instructions\setVxToVxXorVyInstruction.cpp">
      <Filter>Source Files</Filter>
    </ClCompile>
    <ClCompile Include="core\cpu\instructions\setVxToVyInstruction.cpp">
      <Filter>Source Files</Filter>
    </ClCompile>
    <ClCompile Include="core\cpu\instructions\setVxToVyMinusVxInstruction.cpp">
      <Filter>Source Files</Filter>
    </ClCompile>
    <ClCompile Include="core\cpu\instructions\shiftVxLeftByOneInstruction.cpp">
      <Filter>Source Files</Filter>
    </ClCompile>
    <ClCompile Include="core\cpu\instructions\shiftVxRightByOneInstruction.cpp">
      <Filter>Source Files</Filter>
    </ClCompile>
    <ClCompile Include="core\cpu\instructions\skipIfKeyInVxIsNotPressedInstruction.cpp">
      <Filter>Source Files</Filter>
    </ClCompile>
    <ClCompile Include="core\cpu\instructions\skipIfKeyInVxIsPressedInstruction.cpp">
      <Filter>Source Files</Filter>
    </ClCompile>
    <ClCompile Include="core\cpu\instructions\skipNextIfVxEqualsValueInstruction.cpp">
      <Filter>Source Files</Filter>
    </ClCompile>
    <ClCompile Include="core\cpu\instructions\skipNextIfVxEqualsVyInstruction.cpp">
      <Filter>Source Files</Filter>
    </ClCompile>
    <ClCompile Include="core\cpu\instructions\skipNextIfVxNotEqualsValueInstruction.cpp">
      <Filter>Source Files</Filter>
    </ClCompile>
    <ClCompile Include="core\cpu\instructions\skipNextIfVxNotEqualsVyInstruction.cpp">
      <Filter>Source Files</Filter>
    </ClCompile>
    <ClCompile Include="core\cpu\instructions\storeBCDvalueOfVxInstruction.cpp">
      <Filter>Source Files</Filter>
    </ClCompile>
    <ClCompile Include="core\cpu\instructions\storeV0toVxInMemoryInstruction.cpp">
      <Filter>Source Files</Filter>
    </ClCompile>
    <ClCompile Include="core\cpu\instructions\subrutineReturnInstruction.cpp">
      <Filter>Source Files</Filter>
    </ClCompile>
    <ClCompile Include="core\cpu\instructions\subtractVyFromVxInstruction.cpp">
      <Filter>Source Files</Filter>
    </ClCompile>
    <ClCompile Include="core\cpu\instructions\unknownInstruction.cpp">
      <Filter>Source Files</Filter>
    </ClCompile>
    <ClCompile Include="core\cpu\instructions\waitForKeyPressInstruction.cpp">
      <Filter>Source Files</Filter>
    </ClCompile>
    <ClCompile Include="core\cpu\instructions\factory\instructionFactory.cpp">
      <Filter>Source Files</Filter>
    </ClCompile>
    <ClCompile Include="core\gpu\gpu.cpp">
      <Filter>Source Files</Filter>
    </ClCompile>
    <ClCompile Include="core\memory\programLoader.cpp">
      <Filter>Source Files</Filter>
    </ClCompile>
    <ClCompile Include="core\memory\ram.cpp">
      <Filter>Source Files</Filter>
    </ClCompile>
    <ClCompile Include="font\font.cpp">
      <Filter>Source Files</Filter>
    </ClCompile>
    <ClCompile Include="font\fontChar.cpp">
      <Filter>Source Files</Filter>
    </ClCompile>
    <ClCompile Include="font\fontLoader.cpp">
      <Filter>Source Files</Filter>
    </ClCompile>
    <ClCompile Include="keyboard\keyboard.cpp">
      <Filter>Source Files</Filter>
    </ClCompile>
    <ClCompile Include="adapters\audio\chip8AudioAdapter.cpp">
      <Filter>Source Files</Filter>
    </ClCompile>
    <ClCompile Include="adapters\video\chip8VideoAdapter.cpp">
      <Filter>Source Files</Filter>
    </ClCompile>
  </ItemGroup>
</Project>